
Microsoft Visual Studio Solution File, Format Version 12.00
# Visual Studio 14
VisualStudioVersion = 14.0.22310.1
MinimumVisualStudioVersion = 10.0.40219.1
Project("{FAE04EC0-301F-11D3-BF4B-00C04F79EFBC}") = "M3Cpy", "m3cpy\M3Cpy.csproj", "{04B97E67-3187-4964-BD71-D6E71C05C821}"
EndProject
Global
	GlobalSection(SolutionConfigurationPlatforms) = preSolution
		Debug|Any CPU = Debug|Any CPU
		Release|Any CPU = Release|Any CPU
	EndGlobalSection
	GlobalSection(ProjectConfigurationPlatforms) = postSolution
		{04B97E67-3187-4964-BD71-D6E71C05C821}.Debug|Any CPU.ActiveCfg = Debug|Any CPU
		{04B97E67-3187-4964-BD71-D6E71C05C821}.Debug|Any CPU.Build.0 = Debug|Any CPU
		{04B97E67-3187-4964-BD71-D6E71C05C821}.Release|Any CPU.ActiveCfg = Release|Any CPU
		{04B97E67-3187-4964-BD71-D6E71C05C821}.Release|Any CPU.Build.0 = Release|Any CPU
	EndGlobalSection
	GlobalSection(SolutionProperties) = preSolution
		HideSolutionNode = FALSE
	EndGlobalSection
EndGlobal
